// !$*UTF8*$!
{
	archiveVersion = 1;
	classes = {
	};
	objectVersion = 56;
	objects = {

/* Begin PBXBuildFile section */
		BA6540F12EEB5D79002B9E11 /* RiskAnalyzerApp.swift in Sources */ = {isa = PBXBuildFile; fileRef = BA6540F02EEB5D79002B9E11 /* RiskAnalyzerApp.swift */; };
		BA6540F32EEB5D79002B9E11 /* ContentView.swift in Sources */ = {isa = PBXBuildFile; fileRef = BA6540F22EEB5D79002B9E11 /* ContentView.swift */; };
		BA6540F52EEB5D7A002B9E11 /* Assets.xcassets in Resources */ = {isa = PBXBuildFile; fileRef = BA6540F42EEB5D7A002B9E11 /* Assets.xcassets */; };
		BA6540F82EEB5D7A002B9E11 /* Preview Assets.xcassets in Resources */ = {isa = PBXBuildFile; fileRef = BA6540F72EEB5D7A002B9E11 /* Preview Assets.xcassets */; };
		BA6541032EEB5D7A002B9E11 /* RiskAnalyzerTests.swift in Sources */ = {isa = PBXBuildFile; fileRef = BA6541022EEB5D7A002B9E11 /* RiskAnalyzerTests.swift */; };
		BA65410D2EEB5D7A002B9E11 /* RiskAnalyzerUITests.swift in Sources */ = {isa = PBXBuildFile; fileRef = BA65410C2EEB5D7A002B9E11 /* RiskAnalyzerUITests.swift */; };
		BA65410F2EEB5D7A002B9E11 /* RiskAnalyzerUITestsLaunchTests.swift in Sources */ = {isa = PBXBuildFile; fileRef = BA65410E2EEB5D7A002B9E11 /* RiskAnalyzerUITestsLaunchTests.swift */; };
/* End PBXBuildFile section */

/* Begin PBXContainerItemProxy section */
		BA6540FF2EEB5D7A002B9E11 /* PBXContainerItemProxy */ = {
			isa = PBXContainerItemProxy;
			containerPortal = BA6540E52EEB5D79002B9E11 /* Project object */;
			proxyType = 1;
			remoteGlobalIDString = BA6540EC2EEB5D79002B9E11;
			remoteInfo = RiskAnalyzer;
		};
		BA6541092EEB5D7A002B9E11 /* PBXContainerItemProxy */ = {
			isa = PBXContainerItemProxy;
			containerPortal = BA6540E52EEB5D79002B9E11 /* Project object */;
			proxyType = 1;
			remoteGlobalIDString = BA6540EC2EEB5D79002B9E11;
			remoteInfo = RiskAnalyzer;
		};
/* End PBXContainerItemProxy section */

/* Begin PBXFileReference section */
		BA6540ED2EEB5D79002B9E11 /* RiskAnalyzer.app */ = {isa = PBXFileReference; explicitFileType = wrapper.application; includeInIndex = 0; path = RiskAnalyzer.app; sourceTree = BUILT_PRODUCTS_DIR; };
		BA6540F02EEB5D79002B9E11 /* RiskAnalyzerApp.swift */ = {isa = PBXFileReference; lastKnownFileType = sourcecode.swift; path = RiskAnalyzerApp.swift; sourceTree = "<group>"; };
		BA6540F22EEB5D79002B9E11 /* ContentView.swift */ = {isa = PBXFileReference; lastKnownFileType = sourcecode.swift; path = ContentView.swift; sourceTree = "<group>"; };
		BA6540F42EEB5D7A002B9E11 /* Assets.xcassets */ = {isa = PBXFileReference; lastKnownFileType = folder.assetcatalog; path = Assets.xcassets; sourceTree = "<group>"; };
		BA6540F72EEB5D7A002B9E11 /* Preview Assets.xcassets */ = {isa = PBXFileReference; lastKnownFileType = folder.assetcatalog; path = "Preview Assets.xcassets"; sourceTree = "<group>"; };
		BA6540F92EEB5D7A002B9E11 /* RiskAnalyzer.entitlements */ = {isa = PBXFileReference; lastKnownFileType = text.plist.entitlements; path = RiskAnalyzer.entitlements; sourceTree = "<group>"; };
		BA6540FE2EEB5D7A002B9E11 /* RiskAnalyzerTests.xctest */ = {isa = PBXFileReference; explicitFileType = wrapper.cfbundle; includeInIndex = 0; path = RiskAnalyzerTests.xctest; sourceTree = BUILT_PRODUCTS_DIR; };
		BA6541022EEB5D7A002B9E11 /* RiskAnalyzerTests.swift */ = {isa = PBXFileReference; lastKnownFileType = sourcecode.swift; path = RiskAnalyzerTests.swift; sourceTree = "<group>"; };
		BA6541082EEB5D7A002B9E11 /* RiskAnalyzerUITests.xctest */ = {isa = PBXFileReference; explicitFileType = wrapper.cfbundle; includeInIndex = 0; path = RiskAnalyzerUITests.xctest; sourceTree = BUILT_PRODUCTS_DIR; };
		BA65410C2EEB5D7A002B9E11 /* RiskAnalyzerUITests.swift */ = {isa = PBXFileReference; lastKnownFileType = sourcecode.swift; path = RiskAnalyzerUITests.swift; sourceTree = "<group>"; };
		BA65410E2EEB5D7A002B9E11 /* RiskAnalyzerUITestsLaunchTests.swift */ = {isa = PBXFileReference; lastKnownFileType = sourcecode.swift; path = RiskAnalyzerUITestsLaunchTests.swift; sourceTree = "<group>"; };
/* End PBXFileReference section */

/* Begin PBXFrameworksBuildPhase section */
		BA6540EA2EEB5D79002B9E11 /* Frameworks */ = {
			isa = PBXFrameworksBuildPhase;
			buildActionMask = 2147483647;
			files = (
			);
			runOnlyForDeploymentPostprocessing = 0;
		};
		BA6540FB2EEB5D7A002B9E11 /* Frameworks */ = {
			isa = PBXFrameworksBuildPhase;
			buildActionMask = 2147483647;
			files = (
			);
			runOnlyForDeploymentPostprocessing = 0;
		};
		BA6541052EEB5D7A002B9E11 /* Frameworks */ = {
			isa = PBXFrameworksBuildPhase;
			buildActionMask = 2147483647;
			files = (
			);
			runOnlyForDeploymentPostprocessing = 0;
		};
/* End PBXFrameworksBuildPhase section */

/* Begin PBXGroup section */
		BA6540E42EEB5D79002B9E11 = {
			isa = PBXGroup;
			children = (
				BA6540EF2EEB5D79002B9E11 /* RiskAnalyzer */,
				BA6541012EEB5D7A002B9E11 /* RiskAnalyzerTests */,
				BA65410B2EEB5D7A002B9E11 /* RiskAnalyzerUITests */,
				BA6540EE2EEB5D79002B9E11 /* Products */,
			);
			sourceTree = "<group>";
		};
		BA6540EE2EEB5D79002B9E11 /* Products */ = {
			isa = PBXGroup;
			children = (
				BA6540ED2EEB5D79002B9E11 /* RiskAnalyzer.app */,
				BA6540FE2EEB5D7A002B9E11 /* RiskAnalyzerTests.xctest */,
				BA6541082EEB5D7A002B9E11 /* RiskAnalyzerUITests.xctest */,
			);
			name = Products;
			sourceTree = "<group>";
		};
		BA6540EF2EEB5D79002B9E11 /* RiskAnalyzer */ = {
			isa = PBXGroup;
			children = (
				BA6540F02EEB5D79002B9E11 /* RiskAnalyzerApp.swift */,
				BA6540F22EEB5D79002B9E11 /* ContentView.swift */,
				BA6540F42EEB5D7A002B9E11 /* Assets.xcassets */,
				BA6540F92EEB5D7A002B9E11 /* RiskAnalyzer.entitlements */,
				BA6540F62EEB5D7A002B9E11 /* Preview Content */,
			);
			path = RiskAnalyzer;
			sourceTree = "<group>";
		};
		BA6540F62EEB5D7A002B9E11 /* Preview Content */ = {
			isa = PBXGroup;
			children = (
				BA6540F72EEB5D7A002B9E11 /* Preview Assets.xcassets */,
			);
			path = "Preview Content";
			sourceTree = "<group>";
		};
		BA6541012EEB5D7A002B9E11 /* RiskAnalyzerTests */ = {
			isa = PBXGroup;
			children = (
				BA6541022EEB5D7A002B9E11 /* RiskAnalyzerTests.swift */,
			);
			path = RiskAnalyzerTests;
			sourceTree = "<group>";
		};
		BA65410B2EEB5D7A002B9E11 /* RiskAnalyzerUITests */ = {
			isa = PBXGroup;
			children = (
				BA65410C2EEB5D7A002B9E11 /* RiskAnalyzerUITests.swift */,
				BA65410E2EEB5D7A002B9E11 /* RiskAnalyzerUITestsLaunchTests.swift */,
			);
			path = RiskAnalyzerUITests;
			sourceTree = "<group>";
		};
/* End PBXGroup section */

/* Begin PBXNativeTarget section */
		BA6540EC2EEB5D79002B9E11 /* RiskAnalyzer */ = {
			isa = PBXNativeTarget;
			buildConfigurationList = BA6541122EEB5D7A002B9E11 /* Build configuration list for PBXNativeTarget "RiskAnalyzer" */;
			buildPhases = (
				BA6540E92EEB5D79002B9E11 /* Sources */,
				BA6540EA2EEB5D79002B9E11 /* Frameworks */,
				BA6540EB2EEB5D79002B9E11 /* Resources */,
			);
			buildRules = (
			);
			dependencies = (
			);
			name = RiskAnalyzer;
			productName = RiskAnalyzer;
			productReference = BA6540ED2EEB5D79002B9E11 /* RiskAnalyzer.app */;
			productType = "com.apple.product-type.application";
		};
		BA6540FD2EEB5D7A002B9E11 /* RiskAnalyzerTests */ = {
			isa = PBXNativeTarget;
			buildConfigurationList = BA6541152EEB5D7A002B9E11 /* Build configuration list for PBXNativeTarget "RiskAnalyzerTests" */;
			buildPhases = (
				BA6540FA2EEB5D7A002B9E11 /* Sources */,
				BA6540FB2EEB5D7A002B9E11 /* Frameworks */,
				BA6540FC2EEB5D7A002B9E11 /* Resources */,
			);
			buildRules = (
			);
			dependencies = (
				BA6541002EEB5D7A002B9E11 /* PBXTargetDependency */,
			);
			name = RiskAnalyzerTests;
			productName = RiskAnalyzerTests;
			productReference = BA6540FE2EEB5D7A002B9E11 /* RiskAnalyzerTests.xctest */;
			productType = "com.apple.product-type.bundle.unit-test";
		};
		BA6541072EEB5D7A002B9E11 /* RiskAnalyzerUITests */ = {
			isa = PBXNativeTarget;
			buildConfigurationList = BA6541182EEB5D7A002B9E11 /* Build configuration list for PBXNativeTarget "RiskAnalyzerUITests" */;
			buildPhases = (
				BA6541042EEB5D7A002B9E11 /* Sources */,
				BA6541052EEB5D7A002B9E11 /* Frameworks */,
				BA6541062EEB5D7A002B9E11 /* Resources */,
			);
			buildRules = (
			);
			dependencies = (
				BA65410A2EEB5D7A002B9E11 /* PBXTargetDependency */,
			);
			name = RiskAnalyzerUITests;
			productName = RiskAnalyzerUITests;
			productReference = BA6541082EEB5D7A002B9E11 /* RiskAnalyzerUITests.xctest */;
			productType = "com.apple.product-type.bundle.ui-testing";
		};
/* End PBXNativeTarget section */

/* Begin PBXProject section */
		BA6540E52EEB5D79002B9E11 /* Project object */ = {
			isa = PBXProject;
			attributes = {
				BuildIndependentTargetsInParallel = 1;
				LastSwiftUpdateCheck = 1540;
				LastUpgradeCheck = 1540;
				TargetAttributes = {
					BA6540EC2EEB5D79002B9E11 = {
						CreatedOnToolsVersion = 15.4;
					};
					BA6540FD2EEB5D7A002B9E11 = {
						CreatedOnToolsVersion = 15.4;
						TestTargetID = BA6540EC2EEB5D79002B9E11;
					};
					BA6541072EEB5D7A002B9E11 = {
						CreatedOnToolsVersion = 15.4;
						TestTargetID = BA6540EC2EEB5D79002B9E11;
					};
				};
			};
			buildConfigurationList = BA6540E82EEB5D79002B9E11 /* Build configuration list for PBXProject "RiskAnalyzer" */;
			compatibilityVersion = "Xcode 14.0";
			developmentRegion = en;
			hasScannedForEncodings = 0;
			knownRegions = (
				en,
				Base,
			);
			mainGroup = BA6540E42EEB5D79002B9E11;
			productRefGroup = BA6540EE2EEB5D79002B9E11 /* Products */;
			projectDirPath = "";
			projectRoot = "";
			targets = (
				BA6540EC2EEB5D79002B9E11 /* RiskAnalyzer */,
				BA6540FD2EEB5D7A002B9E11 /* RiskAnalyzerTests */,
				BA6541072EEB5D7A002B9E11 /* RiskAnalyzerUITests */,
			);
		};
/* End PBXProject section */

/* Begin PBXResourcesBuildPhase section */
		BA6540EB2EEB5D79002B9E11 /* Resources */ = {
			isa = PBXResourcesBuildPhase;
			buildActionMask = 2147483647;
			files = (
				BA6540F82EEB5D7A002B9E11 /* Preview Assets.xcassets in Resources */,
				BA6540F52EEB5D7A002B9E11 /* Assets.xcassets in Resources */,
			);
			runOnlyForDeploymentPostprocessing = 0;
		};
		BA6540FC2EEB5D7A002B9E11 /* Resources */ = {
			isa = PBXResourcesBuildPhase;
			buildActionMask = 2147483647;
			files = (
			);
			runOnlyForDeploymentPostprocessing = 0;
		};
		BA6541062EEB5D7A002B9E11 /* Resources */ = {
			isa = PBXResourcesBuildPhase;
			buildActionMask = 2147483647;
			files = (
			);
			runOnlyForDeploymentPostprocessing = 0;
		};
/* End PBXResourcesBuildPhase section */

/* Begin PBXSourcesBuildPhase section */
		BA6540E92EEB5D79002B9E11 /* Sources */ = {
			isa = PBXSourcesBuildPhase;
			buildActionMask = 2147483647;
			files = (
				BA6540F32EEB5D79002B9E11 /* ContentView.swift in Sources */,
				BA6540F12EEB5D79002B9E11 /* RiskAnalyzerApp.swift in Sources */,
			);
			runOnlyForDeploymentPostprocessing = 0;
		};
		BA6540FA2EEB5D7A002B9E11 /* Sources */ = {
			isa = PBXSourcesBuildPhase;
			buildActionMask = 2147483647;
			files = (
				BA6541032EEB5D7A002B9E11 /* RiskAnalyzerTests.swift in Sources */,
			);
			runOnlyForDeploymentPostprocessing = 0;
		};
		BA6541042EEB5D7A002B9E11 /* Sources */ = {
			isa = PBXSourcesBuildPhase;
			buildActionMask = 2147483647;
			files = (
				BA65410D2EEB5D7A002B9E11 /* RiskAnalyzerUITests.swift in Sources */,
				BA65410F2EEB5D7A002B9E11 /* RiskAnalyzerUITestsLaunchTests.swift in Sources */,
			);
			runOnlyForDeploymentPostprocessing = 0;
		};
/* End PBXSourcesBuildPhase section */

/* Begin PBXTargetDependency section */
		BA6541002EEB5D7A002B9E11 /* PBXTargetDependency */ = {
			isa = PBXTargetDependency;
			target = BA6540EC2EEB5D79002B9E11 /* RiskAnalyzer */;
			targetProxy = BA6540FF2EEB5D7A002B9E11 /* PBXContainerItemProxy */;
		};
		BA65410A2EEB5D7A002B9E11 /* PBXTargetDependency */ = {
			isa = PBXTargetDependency;
			target = BA6540EC2EEB5D79002B9E11 /* RiskAnalyzer */;
			targetProxy = BA6541092EEB5D7A002B9E11 /* PBXContainerItemProxy */;
		};
/* End PBXTargetDependency section */

/* Begin XCBuildConfiguration section */
		BA6541102EEB5D7A002B9E11 /* Debug */ = {
			isa = XCBuildConfiguration;
			buildSettings = {
				ALWAYS_SEARCH_USER_PATHS = NO;
				ASSETCATALOG_COMPILER_GENERATE_SWIFT_ASSET_SYMBOL_EXTENSIONS = YES;
				CLANG_ANALYZER_NONNULL = YES;
				CLANG_ANALYZER_NUMBER_OBJECT_CONVERSION = YES_AGGRESSIVE;
				CLANG_CXX_LANGUAGE_STANDARD = "gnu++20";
				CLANG_ENABLE_MODULES = YES;
				CLANG_ENABLE_OBJC_ARC = YES;
				CLANG_ENABLE_OBJC_WEAK = YES;
				CLANG_WARN_BLOCK_CAPTURE_AUTORELEASING = YES;
				CLANG_WARN_BOOL_CONVERSION = YES;
				CLANG_WARN_COMMA = YES;
				CLANG_WARN_CONSTANT_CONVERSION = YES;
				CLANG_WARN_DEPRECATED_OBJC_IMPLEMENTATIONS = YES;
				CLANG_WARN_DIRECT_OBJC_ISA_USAGE = YES_ERROR;
				CLANG_WARN_DOCUMENTATION_COMMENTS = YES;
				CLANG_WARN_EMPTY_BODY = YES;
				CLANG_WARN_ENUM_CONVERSION = YES;
				CLANG_WARN_INFINITE_RECURSION = YES;
				CLANG_WARN_INT_CONVERSION = YES;
				CLANG_WARN_NON_LITERAL_NULL_CONVERSION = YES;
				CLANG_WARN_OBJC_IMPLICIT_RETAIN_SELF = YES;
				CLANG_WARN_OBJC_LITERAL_CONVERSION = YES;
				CLANG_WARN_OBJC_ROOT_CLASS = YES_ERROR;
				CLANG_WARN_QUOTED_INCLUDE_IN_FRAMEWORK_HEADER = YES;
				CLANG_WARN_RANGE_LOOP_ANALYSIS = YES;
				CLANG_WARN_STRICT_PROTOTYPES = YES;
				CLANG_WARN_SUSPICIOUS_MOVE = YES;
				CLANG_WARN_UNGUARDED_AVAILABILITY = YES_AGGRESSIVE;
				CLANG_WARN_UNREACHABLE_CODE = YES;
				CLANG_WARN__DUPLICATE_METHOD_MATCH = YES;
				COPY_PHASE_STRIP = NO;
				DEBUG_INFORMATION_FORMAT = dwarf;
				ENABLE_STRICT_OBJC_MSGSEND = YES;
				ENABLE_TESTABILITY = YES;
				ENABLE_USER_SCRIPT_SANDBOXING = YES;
				GCC_C_LANGUAGE_STANDARD = gnu17;
				GCC_DYNAMIC_NO_PIC = NO;
				GCC_NO_COMMON_BLOCKS = YES;
				GCC_OPTIMIZATION_LEVEL = 0;
				GCC_PREPROCESSOR_DEFINITIONS = (
					"DEBUG=1",
					"$(inherited)",
				);
				GCC_WARN_64_TO_32_BIT_CONVERSION = YES;
				GCC_WARN_ABOUT_RETURN_TYPE = YES_ERROR;
				GCC_WARN_UNDECLARED_SELECTOR = YES;
				GCC_WARN_UNINITIALIZED_AUTOS = YES_AGGRESSIVE;
				GCC_WARN_UNUSED_FUNCTION = YES;
				GCC_WARN_UNUSED_VARIABLE = YES;
				LOCALIZATION_PREFERS_STRING_CATALOGS = YES;
				MACOSX_DEPLOYMENT_TARGET = 14.2;
				MTL_ENABLE_DEBUG_INFO = INCLUDE_SOURCE;
				MTL_FAST_MATH = YES;
				ONLY_ACTIVE_ARCH = YES;
				SDKROOT = macosx;
				SWIFT_ACTIVE_COMPILATION_CONDITIONS = "DEBUG $(inherited)";
				SWIFT_OPTIMIZATION_LEVEL = "-Onone";
			};
			name = Debug;
		};
		BA6541112EEB5D7A002B9E11 /* Release */ = {
			isa = XCBuildConfiguration;
			buildSettings = {
				ALWAYS_SEARCH_USER_PATHS = NO;
				ASSETCATALOG_COMPILER_GENERATE_SWIFT_ASSET_SYMBOL_EXTENSIONS = YES;
				CLANG_ANALYZER_NONNULL = YES;
				CLANG_ANALYZER_NUMBER_OBJECT_CONVERSION = YES_AGGRESSIVE;
				CLANG_CXX_LANGUAGE_STANDARD = "gnu++20";
				CLANG_ENABLE_MODULES = YES;
				CLANG_ENABLE_OBJC_ARC = YES;
				CLANG_ENABLE_OBJC_WEAK = YES;
				CLANG_WARN_BLOCK_CAPTURE_AUTORELEASING = YES;
				CLANG_WARN_BOOL_CONVERSION = YES;
				CLANG_WARN_COMMA = YES;
				CLANG_WARN_CONSTANT_CONVERSION = YES;
				CLANG_WARN_DEPRECATED_OBJC_IMPLEMENTATIONS = YES;
				CLANG_WARN_DIRECT_OBJC_ISA_USAGE = YES_ERROR;
				CLANG_WARN_DOCUMENTATION_COMMENTS = YES;
				CLANG_WARN_EMPTY_BODY = YES;
				CLANG_WARN_ENUM_CONVERSION = YES;
				CLANG_WARN_INFINITE_RECURSION = YES;
				CLANG_WARN_INT_CONVERSION = YES;
				CLANG_WARN_NON_LITERAL_NULL_CONVERSION = YES;
				CLANG_WARN_OBJC_IMPLICIT_RETAIN_SELF = YES;
				CLANG_WARN_OBJC_LITERAL_CONVERSION = YES;
				CLANG_WARN_OBJC_ROOT_CLASS = YES_ERROR;
				CLANG_WARN_QUOTED_INCLUDE_IN_FRAMEWORK_HEADER = YES;
				CLANG_WARN_RANGE_LOOP_ANALYSIS = YES;
				CLANG_WARN_STRICT_PROTOTYPES = YES;
				CLANG_WARN_SUSPICIOUS_MOVE = YES;
				CLANG_WARN_UNGUARDED_AVAILABILITY = YES_AGGRESSIVE;
				CLANG_WARN_UNREACHABLE_CODE = YES;
				CLANG_WARN__DUPLICATE_METHOD_MATCH = YES;
				COPY_PHASE_STRIP = NO;
				DEBUG_INFORMATION_FORMAT = "dwarf-with-dsym";
				ENABLE_NS_ASSERTIONS = NO;
				ENABLE_STRICT_OBJC_MSGSEND = YES;
				ENABLE_USER_SCRIPT_SANDBOXING = YES;
				GCC_C_LANGUAGE_STANDARD = gnu17;
				GCC_NO_COMMON_BLOCKS = YES;
				GCC_WARN_64_TO_32_BIT_CONVERSION = YES;
				GCC_WARN_ABOUT_RETURN_TYPE = YES_ERROR;
				GCC_WARN_UNDECLARED_SELECTOR = YES;
				GCC_WARN_UNINITIALIZED_AUTOS = YES_AGGRESSIVE;
				GCC_WARN_UNUSED_FUNCTION = YES;
				GCC_WARN_UNUSED_VARIABLE = YES;
				LOCALIZATION_PREFERS_STRING_CATALOGS = YES;
				MACOSX_DEPLOYMENT_TARGET = 14.2;
				MTL_ENABLE_DEBUG_INFO = NO;
				MTL_FAST_MATH = YES;
				SDKROOT = macosx;
				SWIFT_COMPILATION_MODE = wholemodule;
			};
			name = Release;
		};
		BA6541132EEB5D7A002B9E11 /* Debug */ = {
			isa = XCBuildConfiguration;
			buildSettings = {
				ASSETCATALOG_COMPILER_APPICON_NAME = AppIcon;
				ASSETCATALOG_COMPILER_GLOBAL_ACCENT_COLOR_NAME = AccentColor;
				CODE_SIGN_ENTITLEMENTS = RiskAnalyzer/RiskAnalyzer.entitlements;
				CODE_SIGN_STYLE = Automatic;
				COMBINE_HIDPI_IMAGES = YES;
				CURRENT_PROJECT_VERSION = 1;
				DEVELOPMENT_ASSET_PATHS = "\"RiskAnalyzer/Preview Content\"";
				ENABLE_PREVIEWS = YES;
				GENERATE_INFOPLIST_FILE = YES;
				INFOPLIST_KEY_NSHumanReadableCopyright = "";
				LD_RUNPATH_SEARCH_PATHS = (
					"$(inherited)",
					"@executable_path/../Frameworks",
				);
				MARKETING_VERSION = 1.0;
				PRODUCT_BUNDLE_IDENTIFIER = leti.RiskAnalyzer;
				PRODUCT_NAME = "$(TARGET_NAME)";
				SWIFT_EMIT_LOC_STRINGS = YES;
				SWIFT_VERSION = 5.0;
			};
			name = Debug;
		};
		BA6541142EEB5D7A002B9E11 /* Release */ = {
			isa = XCBuildConfiguration;
			buildSettings = {
				ASSETCATALOG_COMPILER_APPICON_NAME = AppIcon;
				ASSETCATALOG_COMPILER_GLOBAL_ACCENT_COLOR_NAME = AccentColor;
				CODE_SIGN_ENTITLEMENTS = RiskAnalyzer/RiskAnalyzer.entitlements;
				CODE_SIGN_STYLE = Automatic;
				COMBINE_HIDPI_IMAGES = YES;
				CURRENT_PROJECT_VERSION = 1;
				DEVELOPMENT_ASSET_PATHS = "\"RiskAnalyzer/Preview Content\"";
				ENABLE_PREVIEWS = YES;
				GENERATE_INFOPLIST_FILE = YES;
				INFOPLIST_KEY_NSHumanReadableCopyright = "";
				LD_RUNPATH_SEARCH_PATHS = (
					"$(inherited)",
					"@executable_path/../Frameworks",
				);
				MARKETING_VERSION = 1.0;
				PRODUCT_BUNDLE_IDENTIFIER = leti.RiskAnalyzer;
				PRODUCT_NAME = "$(TARGET_NAME)";
				SWIFT_EMIT_LOC_STRINGS = YES;
				SWIFT_VERSION = 5.0;
			};
			name = Release;
		};
		BA6541162EEB5D7A002B9E11 /* Debug */ = {
			isa = XCBuildConfiguration;
			buildSettings = {
				ALWAYS_EMBED_SWIFT_STANDARD_LIBRARIES = YES;
				BUNDLE_LOADER = "$(TEST_HOST)";
				CODE_SIGN_STYLE = Automatic;
				CURRENT_PROJECT_VERSION = 1;
				GENERATE_INFOPLIST_FILE = YES;
				MACOSX_DEPLOYMENT_TARGET = 14.2;
				MARKETING_VERSION = 1.0;
				PRODUCT_BUNDLE_IDENTIFIER = leti.RiskAnalyzerTests;
				PRODUCT_NAME = "$(TARGET_NAME)";
				SWIFT_EMIT_LOC_STRINGS = NO;
				SWIFT_VERSION = 5.0;
				TEST_HOST = "$(BUILT_PRODUCTS_DIR)/RiskAnalyzer.app/$(BUNDLE_EXECUTABLE_FOLDER_PATH)/RiskAnalyzer";
			};
			name = Debug;
		};
		BA6541172EEB5D7A002B9E11 /* Release */ = {
			isa = XCBuildConfiguration;
			buildSettings = {
				ALWAYS_EMBED_SWIFT_STANDARD_LIBRARIES = YES;
				BUNDLE_LOADER = "$(TEST_HOST)";
				CODE_SIGN_STYLE = Automatic;
				CURRENT_PROJECT_VERSION = 1;
				GENERATE_INFOPLIST_FILE = YES;
				MACOSX_DEPLOYMENT_TARGET = 14.2;
				MARKETING_VERSION = 1.0;
				PRODUCT_BUNDLE_IDENTIFIER = leti.RiskAnalyzerTests;
				PRODUCT_NAME = "$(TARGET_NAME)";
				SWIFT_EMIT_LOC_STRINGS = NO;
				SWIFT_VERSION = 5.0;
				TEST_HOST = "$(BUILT_PRODUCTS_DIR)/RiskAnalyzer.app/$(BUNDLE_EXECUTABLE_FOLDER_PATH)/RiskAnalyzer";
			};
			name = Release;
		};
		BA6541192EEB5D7A002B9E11 /* Debug */ = {
			isa = XCBuildConfiguration;
			buildSettings = {
				ALWAYS_EMBED_SWIFT_STANDARD_LIBRARIES = YES;
				CODE_SIGN_STYLE = Automatic;
				CURRENT_PROJECT_VERSION = 1;
				GENERATE_INFOPLIST_FILE = YES;
				MARKETING_VERSION = 1.0;
				PRODUCT_BUNDLE_IDENTIFIER = leti.RiskAnalyzerUITests;
				PRODUCT_NAME = "$(TARGET_NAME)";
				SWIFT_EMIT_LOC_STRINGS = NO;
				SWIFT_VERSION = 5.0;
				TEST_TARGET_NAME = RiskAnalyzer;
			};
			name = Debug;
		};
		BA65411A2EEB5D7A002B9E11 /* Release */ = {
			isa = XCBuildConfiguration;
			buildSettings = {
				ALWAYS_EMBED_SWIFT_STANDARD_LIBRARIES = YES;
				CODE_SIGN_STYLE = Automatic;
				CURRENT_PROJECT_VERSION = 1;
				GENERATE_INFOPLIST_FILE = YES;
				MARKETING_VERSION = 1.0;
				PRODUCT_BUNDLE_IDENTIFIER = leti.RiskAnalyzerUITests;
				PRODUCT_NAME = "$(TARGET_NAME)";
				SWIFT_EMIT_LOC_STRINGS = NO;
				SWIFT_VERSION = 5.0;
				TEST_TARGET_NAME = RiskAnalyzer;
			};
			name = Release;
		};
/* End XCBuildConfiguration section */

/* Begin XCConfigurationList section */
		BA6540E82EEB5D79002B9E11 /* Build configuration list for PBXProject "RiskAnalyzer" */ = {
			isa = XCConfigurationList;
			buildConfigurations = (
				BA6541102EEB5D7A002B9E11 /* Debug */,
				BA6541112EEB5D7A002B9E11 /* Release */,
			);
			defaultConfigurationIsVisible = 0;
			defaultConfigurationName = Release;
		};
		BA6541122EEB5D7A002B9E11 /* Build configuration list for PBXNativeTarget "RiskAnalyzer" */ = {
			isa = XCConfigurationList;
			buildConfigurations = (
				BA6541132EEB5D7A002B9E11 /* Debug */,
				BA6541142EEB5D7A002B9E11 /* Release */,
			);
			defaultConfigurationIsVisible = 0;
			defaultConfigurationName = Release;
		};
		BA6541152EEB5D7A002B9E11 /* Build configuration list for PBXNativeTarget "RiskAnalyzerTests" */ = {
			isa = XCConfigurationList;
			buildConfigurations = (
				BA6541162EEB5D7A002B9E11 /* Debug */,
				BA6541172EEB5D7A002B9E11 /* Release */,
			);
			defaultConfigurationIsVisible = 0;
			defaultConfigurationName = Release;
		};
		BA6541182EEB5D7A002B9E11 /* Build configuration list for PBXNativeTarget "RiskAnalyzerUITests" */ = {
			isa = XCConfigurationList;
			buildConfigurations = (
				BA6541192EEB5D7A002B9E11 /* Debug */,
				BA65411A2EEB5D7A002B9E11 /* Release */,
			);
			defaultConfigurationIsVisible = 0;
			defaultConfigurationName = Release;
		};
/* End XCConfigurationList section */
	};
	rootObject = BA6540E52EEB5D79002B9E11 /* Project object */;
}
